
Microsoft Visual Studio Solution File, Format Version 12.00
# Visual Studio 14
VisualStudioVersion = 14.0.23107.0
MinimumVisualStudioVersion = 10.0.40219.1
Project("{FAE04EC0-301F-11D3-BF4B-00C04F79EFBC}") = "GameStore.Domain", "GameStore.Domain\GameStore.Domain.csproj", "{23AB75AA-9574-4967-9294-8CF35E9398C8}"
EndProject
Project("{FAE04EC0-301F-11D3-BF4B-00C04F79EFBC}") = "GameStore.WebUI", "GameStore.WebUI\GameStore.WebUI.csproj", "{63B3B59E-B1B4-4AD9-B4D2-15E58AEB3801}"
EndProject
Project("{FAE04EC0-301F-11D3-BF4B-00C04F79EFBC}") = "GameStore.UnitTests", "GameStore.UnitTests\GameStore.UnitTests.csproj", "{D84A44A1-026F-4335-8FE3-DC6C35EBBA1F}"
EndProject
Global
	GlobalSection(SolutionConfigurationPlatforms) = preSolution
		Debug|Any CPU = Debug|Any CPU
		Release|Any CPU = Release|Any CPU
	EndGlobalSection
	GlobalSection(ProjectConfigurationPlatforms) = postSolution
		{23AB75AA-9574-4967-9294-8CF35E9398C8}.Debug|Any CPU.ActiveCfg = Debug|Any CPU
		{23AB75AA-9574-4967-9294-8CF35E9398C8}.Debug|Any CPU.Build.0 = Debug|Any CPU
		{23AB75AA-9574-4967-9294-8CF35E9398C8}.Release|Any CPU.ActiveCfg = Release|Any CPU
		{23AB75AA-9574-4967-9294-8CF35E9398C8}.Release|Any CPU.Build.0 = Release|Any CPU
		{63B3B59E-B1B4-4AD9-B4D2-15E58AEB3801}.Debug|Any CPU.ActiveCfg = Debug|Any CPU
		{63B3B59E-B1B4-4AD9-B4D2-15E58AEB3801}.Debug|Any CPU.Build.0 = Debug|Any CPU
		{63B3B59E-B1B4-4AD9-B4D2-15E58AEB3801}.Release|Any CPU.ActiveCfg = Release|Any CPU
		{63B3B59E-B1B4-4AD9-B4D2-15E58AEB3801}.Release|Any CPU.Build.0 = Release|Any CPU
		{D84A44A1-026F-4335-8FE3-DC6C35EBBA1F}.Debug|Any CPU.ActiveCfg = Debug|Any CPU
		{D84A44A1-026F-4335-8FE3-DC6C35EBBA1F}.Debug|Any CPU.Build.0 = Debug|Any CPU
		{D84A44A1-026F-4335-8FE3-DC6C35EBBA1F}.Release|Any CPU.ActiveCfg = Release|Any CPU
		{D84A44A1-026F-4335-8FE3-DC6C35EBBA1F}.Release|Any CPU.Build.0 = Release|Any CPU
	EndGlobalSection
	GlobalSection(SolutionProperties) = preSolution
		HideSolutionNode = FALSE
	EndGlobalSection
EndGlobal
